// !$*UTF8*$!
{
	archiveVersion = 1;
	classes = {
	};
	objectVersion = 55;
	objects = {

/* Begin PBXBuildFile section */
		84030C69284ADD4D002C3220 /* AccountSummaryViewController.swift in Sources */ = {isa = PBXBuildFile; fileRef = 84030C68284ADD4D002C3220 /* AccountSummaryViewController.swift */; };
		843C4269285BAE6B0014B778 /* AccountSummaryCell.swift in Sources */ = {isa = PBXBuildFile; fileRef = 843C4268285BAE6B0014B778 /* AccountSummaryCell.swift */; };
		8451D90628B2BE8C00497DB3 /* Date+Utils.swift in Sources */ = {isa = PBXBuildFile; fileRef = 8451D90528B2BE8C00497DB3 /* Date+Utils.swift */; };
		8451D90828B2C1D700497DB3 /* AccountSummaryViewController+Networking.swift in Sources */ = {isa = PBXBuildFile; fileRef = 8451D90728B2C1D700497DB3 /* AccountSummaryViewController+Networking.swift */; };
		848D4F9B285F8323008B1F8B /* AccountSummaryHeaderViewCode.swift in Sources */ = {isa = PBXBuildFile; fileRef = 848D4F9A285F8323008B1F8B /* AccountSummaryHeaderViewCode.swift */; };
		849945F3286E611600E31042 /* CurrencyFormatterTests.swift in Sources */ = {isa = PBXBuildFile; fileRef = 849945F2286E611600E31042 /* CurrencyFormatterTests.swift */; };
		849945FA286F8B6F00E31042 /* NSNotificationName.swift in Sources */ = {isa = PBXBuildFile; fileRef = 849945F9286F8B6F00E31042 /* NSNotificationName.swift */; };
		849945FC286F8D5800E31042 /* UITextFieldSecureToggle.swift in Sources */ = {isa = PBXBuildFile; fileRef = 849945FB286F8D5800E31042 /* UITextFieldSecureToggle.swift */; };
		84A1FE3A28614A2D001F846C /* DecimalUtils.swift in Sources */ = {isa = PBXBuildFile; fileRef = 84A1FE3928614A2D001F846C /* DecimalUtils.swift */; };
		84A1FE3C28614A93001F846C /* CurrencyFormatter.swift in Sources */ = {isa = PBXBuildFile; fileRef = 84A1FE3B28614A93001F846C /* CurrencyFormatter.swift */; };
		84A6C5AE2829E02E00D9746F /* AppDelegate.swift in Sources */ = {isa = PBXBuildFile; fileRef = 84A6C5AD2829E02E00D9746F /* AppDelegate.swift */; };
		84A6C5B22829E02E00D9746F /* LoginViewController.swift in Sources */ = {isa = PBXBuildFile; fileRef = 84A6C5B12829E02E00D9746F /* LoginViewController.swift */; };
		84A6C5B72829E03200D9746F /* Assets.xcassets in Resources */ = {isa = PBXBuildFile; fileRef = 84A6C5B62829E03200D9746F /* Assets.xcassets */; };
		84A6C5BA2829E03200D9746F /* LaunchScreen.storyboard in Resources */ = {isa = PBXBuildFile; fileRef = 84A6C5B82829E03200D9746F /* LaunchScreen.storyboard */; };
		84A6C5C52829E50D00D9746F /* LoginView.swift in Sources */ = {isa = PBXBuildFile; fileRef = 84A6C5C42829E50D00D9746F /* LoginView.swift */; };
		84BF05C1284826F300E0BC7E /* UIViewController+Utils.swift in Sources */ = {isa = PBXBuildFile; fileRef = 84BF05C0284826F300E0BC7E /* UIViewController+Utils.swift */; };
		84BF05C328482B4F00E0BC7E /* MainViewController.swift in Sources */ = {isa = PBXBuildFile; fileRef = 84BF05C228482B4E00E0BC7E /* MainViewController.swift */; };
		84E4218D28ADAA1600BD575A /* ShakeyBell.swift in Sources */ = {isa = PBXBuildFile; fileRef = 84E4218C28ADAA1600BD575A /* ShakeyBell.swift */; };
		84E4219028ADB8F400BD575A /* UIView+Extension.swift in Sources */ = {isa = PBXBuildFile; fileRef = 84E4218F28ADB8F400BD575A /* UIView+Extension.swift */; };
		84F5945B28B4153E00769E9A /* ProfileTests.swift in Sources */ = {isa = PBXBuildFile; fileRef = 84F5945A28B4153E00769E9A /* ProfileTests.swift */; };
		84F5945D28B4176500769E9A /* AccountTests.swift in Sources */ = {isa = PBXBuildFile; fileRef = 84F5945C28B4176500769E9A /* AccountTests.swift */; };
		84F5945F28B51F9C00769E9A /* SkeletonLoadable.swift in Sources */ = {isa = PBXBuildFile; fileRef = 84F5945E28B51F9C00769E9A /* SkeletonLoadable.swift */; };
		84F5946128B52B9600769E9A /* SkeletonCell.swift in Sources */ = {isa = PBXBuildFile; fileRef = 84F5946028B52B9600769E9A /* SkeletonCell.swift */; };
		84F5946428B6B5C600769E9A /* ProfileManager.swift in Sources */ = {isa = PBXBuildFile; fileRef = 84F5946328B6B5C600769E9A /* ProfileManager.swift */; };
		84F5946628B6B71A00769E9A /* AccountSummaryViewControllerTests.swift in Sources */ = {isa = PBXBuildFile; fileRef = 84F5946528B6B71A00769E9A /* AccountSummaryViewControllerTests.swift */; };
		84FA33B5283D9EBE008F0BFF /* OnboardingContainerViewController.swift in Sources */ = {isa = PBXBuildFile; fileRef = 84FA33B4283D9EBE008F0BFF /* OnboardingContainerViewController.swift */; };
		84FA33B7283DAAC6008F0BFF /* Controller.swift in Sources */ = {isa = PBXBuildFile; fileRef = 84FA33B6283DAAC6008F0BFF /* Controller.swift */; };
		84FA33B9284041C2008F0BFF /* DummyViewController.swift in Sources */ = {isa = PBXBuildFile; fileRef = 84FA33B8284041C2008F0BFF /* DummyViewController.swift */; };
		84FA33BC28404CF7008F0BFF /* LocalState.swift in Sources */ = {isa = PBXBuildFile; fileRef = 84FA33BB28404CF7008F0BFF /* LocalState.swift */; };
/* End PBXBuildFile section */

/* Begin PBXContainerItemProxy section */
		849945F4286E611600E31042 /* PBXContainerItemProxy */ = {
			isa = PBXContainerItemProxy;
			containerPortal = 84A6C5A22829E02E00D9746F /* Project object */;
			proxyType = 1;
			remoteGlobalIDString = 84A6C5A92829E02E00D9746F;
			remoteInfo = Bankey;
		};
/* End PBXContainerItemProxy section */

/* Begin PBXFileReference section */
		84030C68284ADD4D002C3220 /* AccountSummaryViewController.swift */ = {isa = PBXFileReference; lastKnownFileType = sourcecode.swift; path = AccountSummaryViewController.swift; sourceTree = "<group>"; };
		843C4268285BAE6B0014B778 /* AccountSummaryCell.swift */ = {isa = PBXFileReference; lastKnownFileType = sourcecode.swift; path = AccountSummaryCell.swift; sourceTree = "<group>"; };
		8451D90528B2BE8C00497DB3 /* Date+Utils.swift */ = {isa = PBXFileReference; lastKnownFileType = sourcecode.swift; path = "Date+Utils.swift"; sourceTree = "<group>"; };
		8451D90728B2C1D700497DB3 /* AccountSummaryViewController+Networking.swift */ = {isa = PBXFileReference; lastKnownFileType = sourcecode.swift; path = "AccountSummaryViewController+Networking.swift"; sourceTree = "<group>"; };
		848D4F9A285F8323008B1F8B /* AccountSummaryHeaderViewCode.swift */ = {isa = PBXFileReference; lastKnownFileType = sourcecode.swift; path = AccountSummaryHeaderViewCode.swift; sourceTree = "<group>"; };
		849945F0286E611600E31042 /* BankeyUnitTests.xctest */ = {isa = PBXFileReference; explicitFileType = wrapper.cfbundle; includeInIndex = 0; path = BankeyUnitTests.xctest; sourceTree = BUILT_PRODUCTS_DIR; };
		849945F2286E611600E31042 /* CurrencyFormatterTests.swift */ = {isa = PBXFileReference; lastKnownFileType = sourcecode.swift; path = CurrencyFormatterTests.swift; sourceTree = "<group>"; };
		849945F9286F8B6F00E31042 /* NSNotificationName.swift */ = {isa = PBXFileReference; lastKnownFileType = sourcecode.swift; path = NSNotificationName.swift; sourceTree = "<group>"; };
		849945FB286F8D5800E31042 /* UITextFieldSecureToggle.swift */ = {isa = PBXFileReference; lastKnownFileType = sourcecode.swift; path = UITextFieldSecureToggle.swift; sourceTree = "<group>"; };
		84A1FE3928614A2D001F846C /* DecimalUtils.swift */ = {isa = PBXFileReference; lastKnownFileType = sourcecode.swift; path = DecimalUtils.swift; sourceTree = "<group>"; };
		84A1FE3B28614A93001F846C /* CurrencyFormatter.swift */ = {isa = PBXFileReference; lastKnownFileType = sourcecode.swift; path = CurrencyFormatter.swift; sourceTree = "<group>"; };
		84A6C5AA2829E02E00D9746F /* Bankey.app */ = {isa = PBXFileReference; explicitFileType = wrapper.application; includeInIndex = 0; path = Bankey.app; sourceTree = BUILT_PRODUCTS_DIR; };
		84A6C5AD2829E02E00D9746F /* AppDelegate.swift */ = {isa = PBXFileReference; lastKnownFileType = sourcecode.swift; path = AppDelegate.swift; sourceTree = "<group>"; };
		84A6C5B12829E02E00D9746F /* LoginViewController.swift */ = {isa = PBXFileReference; lastKnownFileType = sourcecode.swift; path = LoginViewController.swift; sourceTree = "<group>"; };
		84A6C5B62829E03200D9746F /* Assets.xcassets */ = {isa = PBXFileReference; lastKnownFileType = folder.assetcatalog; path = Assets.xcassets; sourceTree = "<group>"; };
		84A6C5B92829E03200D9746F /* Base */ = {isa = PBXFileReference; lastKnownFileType = file.storyboard; name = Base; path = Base.lproj/LaunchScreen.storyboard; sourceTree = "<group>"; };
		84A6C5BB2829E03200D9746F /* Info.plist */ = {isa = PBXFileReference; lastKnownFileType = text.plist.xml; path = Info.plist; sourceTree = "<group>"; };
		84A6C5C42829E50D00D9746F /* LoginView.swift */ = {isa = PBXFileReference; lastKnownFileType = sourcecode.swift; path = LoginView.swift; sourceTree = "<group>"; };
		84BF05C0284826F300E0BC7E /* UIViewController+Utils.swift */ = {isa = PBXFileReference; lastKnownFileType = sourcecode.swift; path = "UIViewController+Utils.swift"; sourceTree = "<group>"; };
		84BF05C228482B4E00E0BC7E /* MainViewController.swift */ = {isa = PBXFileReference; lastKnownFileType = sourcecode.swift; path = MainViewController.swift; sourceTree = "<group>"; };
		84E4218C28ADAA1600BD575A /* ShakeyBell.swift */ = {isa = PBXFileReference; lastKnownFileType = sourcecode.swift; path = ShakeyBell.swift; sourceTree = "<group>"; };
		84E4218F28ADB8F400BD575A /* UIView+Extension.swift */ = {isa = PBXFileReference; lastKnownFileType = sourcecode.swift; path = "UIView+Extension.swift"; sourceTree = "<group>"; };
		84F5945A28B4153E00769E9A /* ProfileTests.swift */ = {isa = PBXFileReference; lastKnownFileType = sourcecode.swift; path = ProfileTests.swift; sourceTree = "<group>"; };
		84F5945C28B4176500769E9A /* AccountTests.swift */ = {isa = PBXFileReference; lastKnownFileType = sourcecode.swift; path = AccountTests.swift; sourceTree = "<group>"; };
		84F5945E28B51F9C00769E9A /* SkeletonLoadable.swift */ = {isa = PBXFileReference; lastKnownFileType = sourcecode.swift; path = SkeletonLoadable.swift; sourceTree = "<group>"; };
		84F5946028B52B9600769E9A /* SkeletonCell.swift */ = {isa = PBXFileReference; lastKnownFileType = sourcecode.swift; path = SkeletonCell.swift; sourceTree = "<group>"; };
		84F5946328B6B5C600769E9A /* ProfileManager.swift */ = {isa = PBXFileReference; lastKnownFileType = sourcecode.swift; path = ProfileManager.swift; sourceTree = "<group>"; };
		84F5946528B6B71A00769E9A /* AccountSummaryViewControllerTests.swift */ = {isa = PBXFileReference; lastKnownFileType = sourcecode.swift; path = AccountSummaryViewControllerTests.swift; sourceTree = "<group>"; };
		84FA33B4283D9EBE008F0BFF /* OnboardingContainerViewController.swift */ = {isa = PBXFileReference; lastKnownFileType = sourcecode.swift; path = OnboardingContainerViewController.swift; sourceTree = "<group>"; };
		84FA33B6283DAAC6008F0BFF /* Controller.swift */ = {isa = PBXFileReference; lastKnownFileType = sourcecode.swift; path = Controller.swift; sourceTree = "<group>"; };
		84FA33B8284041C2008F0BFF /* DummyViewController.swift */ = {isa = PBXFileReference; lastKnownFileType = sourcecode.swift; path = DummyViewController.swift; sourceTree = "<group>"; };
		84FA33BB28404CF7008F0BFF /* LocalState.swift */ = {isa = PBXFileReference; lastKnownFileType = sourcecode.swift; path = LocalState.swift; sourceTree = "<group>"; };
/* End PBXFileReference section */

/* Begin PBXFrameworksBuildPhase section */
		849945ED286E611600E31042 /* Frameworks */ = {
			isa = PBXFrameworksBuildPhase;
			buildActionMask = 2147483647;
			files = (
			);
			runOnlyForDeploymentPostprocessing = 0;
		};
		84A6C5A72829E02E00D9746F /* Frameworks */ = {
			isa = PBXFrameworksBuildPhase;
			buildActionMask = 2147483647;
			files = (
			);
			runOnlyForDeploymentPostprocessing = 0;
		};
/* End PBXFrameworksBuildPhase section */

/* Begin PBXGroup section */
		84030C6A284ADE5B002C3220 /* AccountSummary */ = {
			isa = PBXGroup;
			children = (
				84030C68284ADD4D002C3220 /* AccountSummaryViewController.swift */,
				8451D90728B2C1D700497DB3 /* AccountSummaryViewController+Networking.swift */,
				843C4266285BAE290014B778 /* Header */,
				843C4267285BAE450014B778 /* Cells */,
				84F5946228B6B5A600769E9A /* Networking */,
			);
			path = AccountSummary;
			sourceTree = "<group>";
		};
		843C4266285BAE290014B778 /* Header */ = {
			isa = PBXGroup;
			children = (
				848D4F9A285F8323008B1F8B /* AccountSummaryHeaderViewCode.swift */,
			);
			path = Header;
			sourceTree = "<group>";
		};
		843C4267285BAE450014B778 /* Cells */ = {
			isa = PBXGroup;
			children = (
				843C4268285BAE6B0014B778 /* AccountSummaryCell.swift */,
				84F5945E28B51F9C00769E9A /* SkeletonLoadable.swift */,
				84F5946028B52B9600769E9A /* SkeletonCell.swift */,
			);
			path = Cells;
			sourceTree = "<group>";
		};
		849945F1286E611600E31042 /* BankeyUnitTests */ = {
			isa = PBXGroup;
			children = (
				84F5945928B414F300769E9A /* AccountSummary */,
				84F5945828B414E000769E9A /* Utils */,
			);
			path = BankeyUnitTests;
			sourceTree = "<group>";
		};
		84A6C5A12829E02E00D9746F = {
			isa = PBXGroup;
			children = (
				84A6C5AC2829E02E00D9746F /* Bankey */,
				849945F1286E611600E31042 /* BankeyUnitTests */,
				84A6C5AB2829E02E00D9746F /* Products */,
			);
			sourceTree = "<group>";
		};
		84A6C5AB2829E02E00D9746F /* Products */ = {
			isa = PBXGroup;
			children = (
				84A6C5AA2829E02E00D9746F /* Bankey.app */,
				849945F0286E611600E31042 /* BankeyUnitTests.xctest */,
			);
			name = Products;
			sourceTree = "<group>";
		};
		84A6C5AC2829E02E00D9746F /* Bankey */ = {
			isa = PBXGroup;
			children = (
				84A6C5AD2829E02E00D9746F /* AppDelegate.swift */,
				84BF05C228482B4E00E0BC7E /* MainViewController.swift */,
				84FA33B3283D9EA0008F0BFF /* Onboarding  */,
				84A6C5C32829E4DD00D9746F /* Login */,
				84030C6A284ADE5B002C3220 /* AccountSummary */,
				84E4218B28ADA9F500BD575A /* Components */,
				84FA33BA28404CEB008F0BFF /* Utils */,
				84A6C5C22829E4A100D9746F /* Files */,
			);
			path = Bankey;
			sourceTree = "<group>";
		};
		84A6C5C22829E4A100D9746F /* Files */ = {
			isa = PBXGroup;
			children = (
				84A6C5B62829E03200D9746F /* Assets.xcassets */,
				84A6C5BB2829E03200D9746F /* Info.plist */,
				84A6C5B82829E03200D9746F /* LaunchScreen.storyboard */,
			);
			name = Files;
			sourceTree = "<group>";
		};
		84A6C5C32829E4DD00D9746F /* Login */ = {
			isa = PBXGroup;
			children = (
				84A6C5B12829E02E00D9746F /* LoginViewController.swift */,
				84A6C5C42829E50D00D9746F /* LoginView.swift */,
				84FA33B8284041C2008F0BFF /* DummyViewController.swift */,
			);
			path = Login;
			sourceTree = "<group>";
		};
		84E4218B28ADA9F500BD575A /* Components */ = {
			isa = PBXGroup;
			children = (
				84E4218C28ADAA1600BD575A /* ShakeyBell.swift */,
			);
			path = Components;
			sourceTree = "<group>";
		};
		84F5945828B414E000769E9A /* Utils */ = {
			isa = PBXGroup;
			children = (
				849945F2286E611600E31042 /* CurrencyFormatterTests.swift */,
			);
			path = Utils;
			sourceTree = "<group>";
		};
		84F5945928B414F300769E9A /* AccountSummary */ = {
			isa = PBXGroup;
			children = (
				84F5945A28B4153E00769E9A /* ProfileTests.swift */,
				84F5945C28B4176500769E9A /* AccountTests.swift */,
				84F5946528B6B71A00769E9A /* AccountSummaryViewControllerTests.swift */,
			);
			path = AccountSummary;
			sourceTree = "<group>";
		};
		84F5946228B6B5A600769E9A /* Networking */ = {
			isa = PBXGroup;
			children = (
				84F5946328B6B5C600769E9A /* ProfileManager.swift */,
			);
			path = Networking;
			sourceTree = "<group>";
		};
		84FA33B3283D9EA0008F0BFF /* Onboarding  */ = {
			isa = PBXGroup;
			children = (
				84FA33B4283D9EBE008F0BFF /* OnboardingContainerViewController.swift */,
				84FA33B6283DAAC6008F0BFF /* Controller.swift */,
			);
			path = "Onboarding ";
			sourceTree = "<group>";
		};
		84FA33BA28404CEB008F0BFF /* Utils */ = {
			isa = PBXGroup;
			children = (
				84FA33BB28404CF7008F0BFF /* LocalState.swift */,
				84BF05C0284826F300E0BC7E /* UIViewController+Utils.swift */,
				84A1FE3928614A2D001F846C /* DecimalUtils.swift */,
				84A1FE3B28614A93001F846C /* CurrencyFormatter.swift */,
				849945F9286F8B6F00E31042 /* NSNotificationName.swift */,
				849945FB286F8D5800E31042 /* UITextFieldSecureToggle.swift */,
				84E4218F28ADB8F400BD575A /* UIView+Extension.swift */,
				8451D90528B2BE8C00497DB3 /* Date+Utils.swift */,
			);
			path = Utils;
			sourceTree = "<group>";
		};
/* End PBXGroup section */

/* Begin PBXNativeTarget section */
		849945EF286E611600E31042 /* BankeyUnitTests */ = {
			isa = PBXNativeTarget;
			buildConfigurationList = 849945F8286E611600E31042 /* Build configuration list for PBXNativeTarget "BankeyUnitTests" */;
			buildPhases = (
				849945EC286E611600E31042 /* Sources */,
				849945ED286E611600E31042 /* Frameworks */,
				849945EE286E611600E31042 /* Resources */,
			);
			buildRules = (
			);
			dependencies = (
				849945F5286E611600E31042 /* PBXTargetDependency */,
			);
			name = BankeyUnitTests;
			productName = BankeyUnitTests;
			productReference = 849945F0286E611600E31042 /* BankeyUnitTests.xctest */;
			productType = "com.apple.product-type.bundle.unit-test";
		};
		84A6C5A92829E02E00D9746F /* Bankey */ = {
			isa = PBXNativeTarget;
			buildConfigurationList = 84A6C5BE2829E03200D9746F /* Build configuration list for PBXNativeTarget "Bankey" */;
			buildPhases = (
				84A6C5A62829E02E00D9746F /* Sources */,
				84A6C5A72829E02E00D9746F /* Frameworks */,
				84A6C5A82829E02E00D9746F /* Resources */,
			);
			buildRules = (
			);
			dependencies = (
			);
			name = Bankey;
			productName = Bankey;
			productReference = 84A6C5AA2829E02E00D9746F /* Bankey.app */;
			productType = "com.apple.product-type.application";
		};
/* End PBXNativeTarget section */

/* Begin PBXProject section */
		84A6C5A22829E02E00D9746F /* Project object */ = {
			isa = PBXProject;
			attributes = {
				BuildIndependentTargetsInParallel = 1;
				LastSwiftUpdateCheck = 1330;
				LastUpgradeCheck = 1330;
				TargetAttributes = {
					849945EF286E611600E31042 = {
						CreatedOnToolsVersion = 13.3;
						TestTargetID = 84A6C5A92829E02E00D9746F;
					};
					84A6C5A92829E02E00D9746F = {
						CreatedOnToolsVersion = 13.3;
					};
				};
			};
			buildConfigurationList = 84A6C5A52829E02E00D9746F /* Build configuration list for PBXProject "Bankey" */;
			compatibilityVersion = "Xcode 13.0";
			developmentRegion = en;
			hasScannedForEncodings = 0;
			knownRegions = (
				en,
				Base,
			);
			mainGroup = 84A6C5A12829E02E00D9746F;
			productRefGroup = 84A6C5AB2829E02E00D9746F /* Products */;
			projectDirPath = "";
			projectRoot = "";
			targets = (
				84A6C5A92829E02E00D9746F /* Bankey */,
				849945EF286E611600E31042 /* BankeyUnitTests */,
			);
		};
/* End PBXProject section */

/* Begin PBXResourcesBuildPhase section */
		849945EE286E611600E31042 /* Resources */ = {
			isa = PBXResourcesBuildPhase;
			buildActionMask = 2147483647;
			files = (
			);
			runOnlyForDeploymentPostprocessing = 0;
		};
		84A6C5A82829E02E00D9746F /* Resources */ = {
			isa = PBXResourcesBuildPhase;
			buildActionMask = 2147483647;
			files = (
				84A6C5BA2829E03200D9746F /* LaunchScreen.storyboard in Resources */,
				84A6C5B72829E03200D9746F /* Assets.xcassets in Resources */,
			);
			runOnlyForDeploymentPostprocessing = 0;
		};
/* End PBXResourcesBuildPhase section */

/* Begin PBXSourcesBuildPhase section */
		849945EC286E611600E31042 /* Sources */ = {
			isa = PBXSourcesBuildPhase;
			buildActionMask = 2147483647;
			files = (
				849945F3286E611600E31042 /* CurrencyFormatterTests.swift in Sources */,
				84F5945D28B4176500769E9A /* AccountTests.swift in Sources */,
				84F5945B28B4153E00769E9A /* ProfileTests.swift in Sources */,
				84F5946628B6B71A00769E9A /* AccountSummaryViewControllerTests.swift in Sources */,
			);
			runOnlyForDeploymentPostprocessing = 0;
		};
		84A6C5A62829E02E00D9746F /* Sources */ = {
			isa = PBXSourcesBuildPhase;
			buildActionMask = 2147483647;
			files = (
				84BF05C1284826F300E0BC7E /* UIViewController+Utils.swift in Sources */,
				84FA33B7283DAAC6008F0BFF /* Controller.swift in Sources */,
				84F5946128B52B9600769E9A /* SkeletonCell.swift in Sources */,
				848D4F9B285F8323008B1F8B /* AccountSummaryHeaderViewCode.swift in Sources */,
				84FA33B9284041C2008F0BFF /* DummyViewController.swift in Sources */,
				8451D90828B2C1D700497DB3 /* AccountSummaryViewController+Networking.swift in Sources */,
				84A1FE3C28614A93001F846C /* CurrencyFormatter.swift in Sources */,
				8451D90628B2BE8C00497DB3 /* Date+Utils.swift in Sources */,
				84A6C5C52829E50D00D9746F /* LoginView.swift in Sources */,
				84A6C5B22829E02E00D9746F /* LoginViewController.swift in Sources */,
				84A6C5AE2829E02E00D9746F /* AppDelegate.swift in Sources */,
				84F5945F28B51F9C00769E9A /* SkeletonLoadable.swift in Sources */,
				84A1FE3A28614A2D001F846C /* DecimalUtils.swift in Sources */,
				843C4269285BAE6B0014B778 /* AccountSummaryCell.swift in Sources */,
				84030C69284ADD4D002C3220 /* AccountSummaryViewController.swift in Sources */,
				84BF05C328482B4F00E0BC7E /* MainViewController.swift in Sources */,
				84E4219028ADB8F400BD575A /* UIView+Extension.swift in Sources */,
				849945FA286F8B6F00E31042 /* NSNotificationName.swift in Sources */,
				849945FC286F8D5800E31042 /* UITextFieldSecureToggle.swift in Sources */,
				84F5946428B6B5C600769E9A /* ProfileManager.swift in Sources */,
				84FA33BC28404CF7008F0BFF /* LocalState.swift in Sources */,
				84FA33B5283D9EBE008F0BFF /* OnboardingContainerViewController.swift in Sources */,
				84E4218D28ADAA1600BD575A /* ShakeyBell.swift in Sources */,
			);
			runOnlyForDeploymentPostprocessing = 0;
		};
/* End PBXSourcesBuildPhase section */

/* Begin PBXTargetDependency section */
		849945F5286E611600E31042 /* PBXTargetDependency */ = {
			isa = PBXTargetDependency;
			target = 84A6C5A92829E02E00D9746F /* Bankey */;
			targetProxy = 849945F4286E611600E31042 /* PBXContainerItemProxy */;
		};
/* End PBXTargetDependency section */

/* Begin PBXVariantGroup section */
		84A6C5B82829E03200D9746F /* LaunchScreen.storyboard */ = {
			isa = PBXVariantGroup;
			children = (
				84A6C5B92829E03200D9746F /* Base */,
			);
			name = LaunchScreen.storyboard;
			sourceTree = "<group>";
		};
/* End PBXVariantGroup section */

/* Begin XCBuildConfiguration section */
		849945F6286E611600E31042 /* Debug */ = {
			isa = XCBuildConfiguration;
			buildSettings = {
				BUNDLE_LOADER = "$(TEST_HOST)";
				CODE_SIGN_STYLE = Automatic;
				CURRENT_PROJECT_VERSION = 1;
				GENERATE_INFOPLIST_FILE = YES;
				MARKETING_VERSION = 1.0;
				PRODUCT_BUNDLE_IDENTIFIER = karina.BankeyUnitTests;
				PRODUCT_NAME = "$(TARGET_NAME)";
				SWIFT_EMIT_LOC_STRINGS = NO;
				SWIFT_VERSION = 5.0;
				TARGETED_DEVICE_FAMILY = "1,2";
				TEST_HOST = "$(BUILT_PRODUCTS_DIR)/Bankey.app/Bankey";
			};
			name = Debug;
		};
		849945F7286E611600E31042 /* Release */ = {
			isa = XCBuildConfiguration;
			buildSettings = {
				BUNDLE_LOADER = "$(TEST_HOST)";
				CODE_SIGN_STYLE = Automatic;
				CURRENT_PROJECT_VERSION = 1;
				GENERATE_INFOPLIST_FILE = YES;
				MARKETING_VERSION = 1.0;
				PRODUCT_BUNDLE_IDENTIFIER = karina.BankeyUnitTests;
				PRODUCT_NAME = "$(TARGET_NAME)";
				SWIFT_EMIT_LOC_STRINGS = NO;
				SWIFT_VERSION = 5.0;
				TARGETED_DEVICE_FAMILY = "1,2";
				TEST_HOST = "$(BUILT_PRODUCTS_DIR)/Bankey.app/Bankey";
			};
			name = Release;
		};
		84A6C5BC2829E03200D9746F /* Debug */ = {
			isa = XCBuildConfiguration;
			buildSettings = {
				ALWAYS_SEARCH_USER_PATHS = NO;
				CLANG_ANALYZER_NONNULL = YES;
				CLANG_ANALYZER_NUMBER_OBJECT_CONVERSION = YES_AGGRESSIVE;
				CLANG_CXX_LANGUAGE_STANDARD = "gnu++17";
				CLANG_ENABLE_MODULES = YES;
				CLANG_ENABLE_OBJC_ARC = YES;
				CLANG_ENABLE_OBJC_WEAK = YES;
				CLANG_WARN_BLOCK_CAPTURE_AUTORELEASING = YES;
				CLANG_WARN_BOOL_CONVERSION = YES;
				CLANG_WARN_COMMA = YES;
				CLANG_WARN_CONSTANT_CONVERSION = YES;
				CLANG_WARN_DEPRECATED_OBJC_IMPLEMENTATIONS = YES;
				CLANG_WARN_DIRECT_OBJC_ISA_USAGE = YES_ERROR;
				CLANG_WARN_DOCUMENTATION_COMMENTS = YES;
				CLANG_WARN_EMPTY_BODY = YES;
				CLANG_WARN_ENUM_CONVERSION = YES;
				CLANG_WARN_INFINITE_RECURSION = YES;
				CLANG_WARN_INT_CONVERSION = YES;
				CLANG_WARN_NON_LITERAL_NULL_CONVERSION = YES;
				CLANG_WARN_OBJC_IMPLICIT_RETAIN_SELF = YES;
				CLANG_WARN_OBJC_LITERAL_CONVERSION = YES;
				CLANG_WARN_OBJC_ROOT_CLASS = YES_ERROR;
				CLANG_WARN_QUOTED_INCLUDE_IN_FRAMEWORK_HEADER = YES;
				CLANG_WARN_RANGE_LOOP_ANALYSIS = YES;
				CLANG_WARN_STRICT_PROTOTYPES = YES;
				CLANG_WARN_SUSPICIOUS_MOVE = YES;
				CLANG_WARN_UNGUARDED_AVAILABILITY = YES_AGGRESSIVE;
				CLANG_WARN_UNREACHABLE_CODE = YES;
				CLANG_WARN__DUPLICATE_METHOD_MATCH = YES;
				COPY_PHASE_STRIP = NO;
				DEBUG_INFORMATION_FORMAT = dwarf;
				ENABLE_STRICT_OBJC_MSGSEND = YES;
				ENABLE_TESTABILITY = YES;
				GCC_C_LANGUAGE_STANDARD = gnu11;
				GCC_DYNAMIC_NO_PIC = NO;
				GCC_NO_COMMON_BLOCKS = YES;
				GCC_OPTIMIZATION_LEVEL = 0;
				GCC_PREPROCESSOR_DEFINITIONS = (
					"DEBUG=1",
					"$(inherited)",
				);
				GCC_WARN_64_TO_32_BIT_CONVERSION = YES;
				GCC_WARN_ABOUT_RETURN_TYPE = YES_ERROR;
				GCC_WARN_UNDECLARED_SELECTOR = YES;
				GCC_WARN_UNINITIALIZED_AUTOS = YES_AGGRESSIVE;
				GCC_WARN_UNUSED_FUNCTION = YES;
				GCC_WARN_UNUSED_VARIABLE = YES;
				IPHONEOS_DEPLOYMENT_TARGET = 15.4;
				MTL_ENABLE_DEBUG_INFO = INCLUDE_SOURCE;
				MTL_FAST_MATH = YES;
				ONLY_ACTIVE_ARCH = YES;
				SDKROOT = iphoneos;
				SWIFT_ACTIVE_COMPILATION_CONDITIONS = DEBUG;
				SWIFT_OPTIMIZATION_LEVEL = "-Onone";
			};
			name = Debug;
		};
		84A6C5BD2829E03200D9746F /* Release */ = {
			isa = XCBuildConfiguration;
			buildSettings = {
				ALWAYS_SEARCH_USER_PATHS = NO;
				CLANG_ANALYZER_NONNULL = YES;
				CLANG_ANALYZER_NUMBER_OBJECT_CONVERSION = YES_AGGRESSIVE;
				CLANG_CXX_LANGUAGE_STANDARD = "gnu++17";
				CLANG_ENABLE_MODULES = YES;
				CLANG_ENABLE_OBJC_ARC = YES;
				CLANG_ENABLE_OBJC_WEAK = YES;
				CLANG_WARN_BLOCK_CAPTURE_AUTORELEASING = YES;
				CLANG_WARN_BOOL_CONVERSION = YES;
				CLANG_WARN_COMMA = YES;
				CLANG_WARN_CONSTANT_CONVERSION = YES;
				CLANG_WARN_DEPRECATED_OBJC_IMPLEMENTATIONS = YES;
				CLANG_WARN_DIRECT_OBJC_ISA_USAGE = YES_ERROR;
				CLANG_WARN_DOCUMENTATION_COMMENTS = YES;
				CLANG_WARN_EMPTY_BODY = YES;
				CLANG_WARN_ENUM_CONVERSION = YES;
				CLANG_WARN_INFINITE_RECURSION = YES;
				CLANG_WARN_INT_CONVERSION = YES;
				CLANG_WARN_NON_LITERAL_NULL_CONVERSION = YES;
				CLANG_WARN_OBJC_IMPLICIT_RETAIN_SELF = YES;
				CLANG_WARN_OBJC_LITERAL_CONVERSION = YES;
				CLANG_WARN_OBJC_ROOT_CLASS = YES_ERROR;
				CLANG_WARN_QUOTED_INCLUDE_IN_FRAMEWORK_HEADER = YES;
				CLANG_WARN_RANGE_LOOP_ANALYSIS = YES;
				CLANG_WARN_STRICT_PROTOTYPES = YES;
				CLANG_WARN_SUSPICIOUS_MOVE = YES;
				CLANG_WARN_UNGUARDED_AVAILABILITY = YES_AGGRESSIVE;
				CLANG_WARN_UNREACHABLE_CODE = YES;
				CLANG_WARN__DUPLICATE_METHOD_MATCH = YES;
				COPY_PHASE_STRIP = NO;
				DEBUG_INFORMATION_FORMAT = "dwarf-with-dsym";
				ENABLE_NS_ASSERTIONS = NO;
				ENABLE_STRICT_OBJC_MSGSEND = YES;
				GCC_C_LANGUAGE_STANDARD = gnu11;
				GCC_NO_COMMON_BLOCKS = YES;
				GCC_WARN_64_TO_32_BIT_CONVERSION = YES;
				GCC_WARN_ABOUT_RETURN_TYPE = YES_ERROR;
				GCC_WARN_UNDECLARED_SELECTOR = YES;
				GCC_WARN_UNINITIALIZED_AUTOS = YES_AGGRESSIVE;
				GCC_WARN_UNUSED_FUNCTION = YES;
				GCC_WARN_UNUSED_VARIABLE = YES;
				IPHONEOS_DEPLOYMENT_TARGET = 15.4;
				MTL_ENABLE_DEBUG_INFO = NO;
				MTL_FAST_MATH = YES;
				SDKROOT = iphoneos;
				SWIFT_COMPILATION_MODE = wholemodule;
				SWIFT_OPTIMIZATION_LEVEL = "-O";
				VALIDATE_PRODUCT = YES;
			};
			name = Release;
		};
		84A6C5BF2829E03200D9746F /* Debug */ = {
			isa = XCBuildConfiguration;
			buildSettings = {
				ASSETCATALOG_COMPILER_APPICON_NAME = AppIcon;
				ASSETCATALOG_COMPILER_GLOBAL_ACCENT_COLOR_NAME = AccentColor;
				CODE_SIGN_STYLE = Automatic;
				CURRENT_PROJECT_VERSION = 1;
				GENERATE_INFOPLIST_FILE = YES;
				INFOPLIST_FILE = Bankey/Info.plist;
				INFOPLIST_KEY_UIApplicationSupportsIndirectInputEvents = YES;
				INFOPLIST_KEY_UILaunchStoryboardName = LaunchScreen;
				INFOPLIST_KEY_UISupportedInterfaceOrientations_iPad = "UIInterfaceOrientationPortrait UIInterfaceOrientationPortraitUpsideDown UIInterfaceOrientationLandscapeLeft UIInterfaceOrientationLandscapeRight";
				INFOPLIST_KEY_UISupportedInterfaceOrientations_iPhone = "UIInterfaceOrientationPortrait UIInterfaceOrientationLandscapeLeft UIInterfaceOrientationLandscapeRight";
				LD_RUNPATH_SEARCH_PATHS = (
					"$(inherited)",
					"@executable_path/Frameworks",
				);
				MARKETING_VERSION = 1.0;
				PRODUCT_BUNDLE_IDENTIFIER = karina.Bankey;
				PRODUCT_NAME = "$(TARGET_NAME)";
				SWIFT_EMIT_LOC_STRINGS = YES;
				SWIFT_VERSION = 5.0;
				TARGETED_DEVICE_FAMILY = "1,2";
			};
			name = Debug;
		};
		84A6C5C02829E03200D9746F /* Release */ = {
			isa = XCBuildConfiguration;
			buildSettings = {
				ASSETCATALOG_COMPILER_APPICON_NAME = AppIcon;
				ASSETCATALOG_COMPILER_GLOBAL_ACCENT_COLOR_NAME = AccentColor;
				CODE_SIGN_STYLE = Automatic;
				CURRENT_PROJECT_VERSION = 1;
				GENERATE_INFOPLIST_FILE = YES;
				INFOPLIST_FILE = Bankey/Info.plist;
				INFOPLIST_KEY_UIApplicationSupportsIndirectInputEvents = YES;
				INFOPLIST_KEY_UILaunchStoryboardName = LaunchScreen;
				INFOPLIST_KEY_UISupportedInterfaceOrientations_iPad = "UIInterfaceOrientationPortrait UIInterfaceOrientationPortraitUpsideDown UIInterfaceOrientationLandscapeLeft UIInterfaceOrientationLandscapeRight";
				INFOPLIST_KEY_UISupportedInterfaceOrientations_iPhone = "UIInterfaceOrientationPortrait UIInterfaceOrientationLandscapeLeft UIInterfaceOrientationLandscapeRight";
				LD_RUNPATH_SEARCH_PATHS = (
					"$(inherited)",
					"@executable_path/Frameworks",
				);
				MARKETING_VERSION = 1.0;
				PRODUCT_BUNDLE_IDENTIFIER = karina.Bankey;
				PRODUCT_NAME = "$(TARGET_NAME)";
				SWIFT_EMIT_LOC_STRINGS = YES;
				SWIFT_VERSION = 5.0;
				TARGETED_DEVICE_FAMILY = "1,2";
			};
			name = Release;
		};
/* End XCBuildConfiguration section */

/* Begin XCConfigurationList section */
		849945F8286E611600E31042 /* Build configuration list for PBXNativeTarget "BankeyUnitTests" */ = {
			isa = XCConfigurationList;
			buildConfigurations = (
				849945F6286E611600E31042 /* Debug */,
				849945F7286E611600E31042 /* Release */,
			);
			defaultConfigurationIsVisible = 0;
			defaultConfigurationName = Release;
		};
		84A6C5A52829E02E00D9746F /* Build configuration list for PBXProject "Bankey" */ = {
			isa = XCConfigurationList;
			buildConfigurations = (
				84A6C5BC2829E03200D9746F /* Debug */,
				84A6C5BD2829E03200D9746F /* Release */,
			);
			defaultConfigurationIsVisible = 0;
			defaultConfigurationName = Release;
		};
		84A6C5BE2829E03200D9746F /* Build configuration list for PBXNativeTarget "Bankey" */ = {
			isa = XCConfigurationList;
			buildConfigurations = (
				84A6C5BF2829E03200D9746F /* Debug */,
				84A6C5C02829E03200D9746F /* Release */,
			);
			defaultConfigurationIsVisible = 0;
			defaultConfigurationName = Release;
		};
/* End XCConfigurationList section */
	};
	rootObject = 84A6C5A22829E02E00D9746F /* Project object */;
}
