// !$*UTF8*$!
{
	archiveVersion = 1;
	classes = {
	};
	objectVersion = 55;
	objects = {

/* Begin PBXBuildFile section */
		84030C69284ADD4D002C3220 /* AccountSummaryViewController.swift in Sources */ = {isa = PBXBuildFile; fileRef = 84030C68284ADD4D002C3220 /* AccountSummaryViewController.swift */; };
		843C4269285BAE6B0014B778 /* AccountSummaryCell.swift in Sources */ = {isa = PBXBuildFile; fileRef = 843C4268285BAE6B0014B778 /* AccountSummaryCell.swift */; };
		848CCA3928595F170046E1FC /* AccountSummaryHeaderView.swift in Sources */ = {isa = PBXBuildFile; fileRef = 848CCA3828595F170046E1FC /* AccountSummaryHeaderView.swift */; };
		848CCA3B28595F3D0046E1FC /* AccountSummaryHeaderView.xib in Resources */ = {isa = PBXBuildFile; fileRef = 848CCA3A28595F3D0046E1FC /* AccountSummaryHeaderView.xib */; };
		84A6C5AE2829E02E00D9746F /* AppDelegate.swift in Sources */ = {isa = PBXBuildFile; fileRef = 84A6C5AD2829E02E00D9746F /* AppDelegate.swift */; };
		84A6C5B22829E02E00D9746F /* LoginViewController.swift in Sources */ = {isa = PBXBuildFile; fileRef = 84A6C5B12829E02E00D9746F /* LoginViewController.swift */; };
		84A6C5B72829E03200D9746F /* Assets.xcassets in Resources */ = {isa = PBXBuildFile; fileRef = 84A6C5B62829E03200D9746F /* Assets.xcassets */; };
		84A6C5BA2829E03200D9746F /* LaunchScreen.storyboard in Resources */ = {isa = PBXBuildFile; fileRef = 84A6C5B82829E03200D9746F /* LaunchScreen.storyboard */; };
		84A6C5C52829E50D00D9746F /* LoginView.swift in Sources */ = {isa = PBXBuildFile; fileRef = 84A6C5C42829E50D00D9746F /* LoginView.swift */; };
		84BF05C1284826F300E0BC7E /* UIViewController+Utils.swift in Sources */ = {isa = PBXBuildFile; fileRef = 84BF05C0284826F300E0BC7E /* UIViewController+Utils.swift */; };
		84BF05C328482B4F00E0BC7E /* MainViewController.swift in Sources */ = {isa = PBXBuildFile; fileRef = 84BF05C228482B4E00E0BC7E /* MainViewController.swift */; };
		84FA33B5283D9EBE008F0BFF /* OnboardingContainerViewController.swift in Sources */ = {isa = PBXBuildFile; fileRef = 84FA33B4283D9EBE008F0BFF /* OnboardingContainerViewController.swift */; };
		84FA33B7283DAAC6008F0BFF /* Controller.swift in Sources */ = {isa = PBXBuildFile; fileRef = 84FA33B6283DAAC6008F0BFF /* Controller.swift */; };
		84FA33B9284041C2008F0BFF /* DummyViewController.swift in Sources */ = {isa = PBXBuildFile; fileRef = 84FA33B8284041C2008F0BFF /* DummyViewController.swift */; };
		84FA33BC28404CF7008F0BFF /* LocalState.swift in Sources */ = {isa = PBXBuildFile; fileRef = 84FA33BB28404CF7008F0BFF /* LocalState.swift */; };
/* End PBXBuildFile section */

/* Begin PBXFileReference section */
		84030C68284ADD4D002C3220 /* AccountSummaryViewController.swift */ = {isa = PBXFileReference; lastKnownFileType = sourcecode.swift; path = AccountSummaryViewController.swift; sourceTree = "<group>"; };
		843C4268285BAE6B0014B778 /* AccountSummaryCell.swift */ = {isa = PBXFileReference; lastKnownFileType = sourcecode.swift; path = AccountSummaryCell.swift; sourceTree = "<group>"; };
		848CCA3828595F170046E1FC /* AccountSummaryHeaderView.swift */ = {isa = PBXFileReference; lastKnownFileType = sourcecode.swift; path = AccountSummaryHeaderView.swift; sourceTree = "<group>"; };
		848CCA3A28595F3D0046E1FC /* AccountSummaryHeaderView.xib */ = {isa = PBXFileReference; lastKnownFileType = file.xib; path = AccountSummaryHeaderView.xib; sourceTree = "<group>"; };
		84A6C5AA2829E02E00D9746F /* Bankey.app */ = {isa = PBXFileReference; explicitFileType = wrapper.application; includeInIndex = 0; path = Bankey.app; sourceTree = BUILT_PRODUCTS_DIR; };
		84A6C5AD2829E02E00D9746F /* AppDelegate.swift */ = {isa = PBXFileReference; lastKnownFileType = sourcecode.swift; path = AppDelegate.swift; sourceTree = "<group>"; };
		84A6C5B12829E02E00D9746F /* LoginViewController.swift */ = {isa = PBXFileReference; lastKnownFileType = sourcecode.swift; path = LoginViewController.swift; sourceTree = "<group>"; };
		84A6C5B62829E03200D9746F /* Assets.xcassets */ = {isa = PBXFileReference; lastKnownFileType = folder.assetcatalog; path = Assets.xcassets; sourceTree = "<group>"; };
		84A6C5B92829E03200D9746F /* Base */ = {isa = PBXFileReference; lastKnownFileType = file.storyboard; name = Base; path = Base.lproj/LaunchScreen.storyboard; sourceTree = "<group>"; };
		84A6C5BB2829E03200D9746F /* Info.plist */ = {isa = PBXFileReference; lastKnownFileType = text.plist.xml; path = Info.plist; sourceTree = "<group>"; };
		84A6C5C42829E50D00D9746F /* LoginView.swift */ = {isa = PBXFileReference; lastKnownFileType = sourcecode.swift; path = LoginView.swift; sourceTree = "<group>"; };
		84BF05C0284826F300E0BC7E /* UIViewController+Utils.swift */ = {isa = PBXFileReference; lastKnownFileType = sourcecode.swift; path = "UIViewController+Utils.swift"; sourceTree = "<group>"; };
		84BF05C228482B4E00E0BC7E /* MainViewController.swift */ = {isa = PBXFileReference; lastKnownFileType = sourcecode.swift; path = MainViewController.swift; sourceTree = "<group>"; };
		84FA33B4283D9EBE008F0BFF /* OnboardingContainerViewController.swift */ = {isa = PBXFileReference; lastKnownFileType = sourcecode.swift; path = OnboardingContainerViewController.swift; sourceTree = "<group>"; };
		84FA33B6283DAAC6008F0BFF /* Controller.swift */ = {isa = PBXFileReference; lastKnownFileType = sourcecode.swift; path = Controller.swift; sourceTree = "<group>"; };
		84FA33B8284041C2008F0BFF /* DummyViewController.swift */ = {isa = PBXFileReference; lastKnownFileType = sourcecode.swift; path = DummyViewController.swift; sourceTree = "<group>"; };
		84FA33BB28404CF7008F0BFF /* LocalState.swift */ = {isa = PBXFileReference; lastKnownFileType = sourcecode.swift; path = LocalState.swift; sourceTree = "<group>"; };
/* End PBXFileReference section */

/* Begin PBXFrameworksBuildPhase section */
		84A6C5A72829E02E00D9746F /* Frameworks */ = {
			isa = PBXFrameworksBuildPhase;
			buildActionMask = 2147483647;
			files = (
			);
			runOnlyForDeploymentPostprocessing = 0;
		};
/* End PBXFrameworksBuildPhase section */

/* Begin PBXGroup section */
		84030C6A284ADE5B002C3220 /* AccountSummary */ = {
			isa = PBXGroup;
			children = (
				84030C68284ADD4D002C3220 /* AccountSummaryViewController.swift */,
				843C4266285BAE290014B778 /* Header */,
				843C4267285BAE450014B778 /* Cells */,
			);
			path = AccountSummary;
			sourceTree = "<group>";
		};
		843C4266285BAE290014B778 /* Header */ = {
			isa = PBXGroup;
			children = (
				848CCA3828595F170046E1FC /* AccountSummaryHeaderView.swift */,
				848CCA3A28595F3D0046E1FC /* AccountSummaryHeaderView.xib */,
			);
			path = Header;
			sourceTree = "<group>";
		};
		843C4267285BAE450014B778 /* Cells */ = {
			isa = PBXGroup;
			children = (
				843C4268285BAE6B0014B778 /* AccountSummaryCell.swift */,
			);
			path = Cells;
			sourceTree = "<group>";
		};
		84A6C5A12829E02E00D9746F = {
			isa = PBXGroup;
			children = (
				84A6C5AC2829E02E00D9746F /* Bankey */,
				84A6C5AB2829E02E00D9746F /* Products */,
			);
			sourceTree = "<group>";
		};
		84A6C5AB2829E02E00D9746F /* Products */ = {
			isa = PBXGroup;
			children = (
				84A6C5AA2829E02E00D9746F /* Bankey.app */,
			);
			name = Products;
			sourceTree = "<group>";
		};
		84A6C5AC2829E02E00D9746F /* Bankey */ = {
			isa = PBXGroup;
			children = (
				84A6C5AD2829E02E00D9746F /* AppDelegate.swift */,
				84BF05C228482B4E00E0BC7E /* MainViewController.swift */,
				84FA33B3283D9EA0008F0BFF /* Onboarding  */,
				84A6C5C32829E4DD00D9746F /* Login */,
				84030C6A284ADE5B002C3220 /* AccountSummary */,
				84FA33BA28404CEB008F0BFF /* Utils */,
				84A6C5C22829E4A100D9746F /* Files */,
			);
			path = Bankey;
			sourceTree = "<group>";
		};
		84A6C5C22829E4A100D9746F /* Files */ = {
			isa = PBXGroup;
			children = (
				84A6C5B62829E03200D9746F /* Assets.xcassets */,
				84A6C5BB2829E03200D9746F /* Info.plist */,
				84A6C5B82829E03200D9746F /* LaunchScreen.storyboard */,
			);
			name = Files;
			sourceTree = "<group>";
		};
		84A6C5C32829E4DD00D9746F /* Login */ = {
			isa = PBXGroup;
			children = (
				84A6C5B12829E02E00D9746F /* LoginViewController.swift */,
				84A6C5C42829E50D00D9746F /* LoginView.swift */,
				84FA33B8284041C2008F0BFF /* DummyViewController.swift */,
			);
			path = Login;
			sourceTree = "<group>";
		};
		84FA33B3283D9EA0008F0BFF /* Onboarding  */ = {
			isa = PBXGroup;
			children = (
				84FA33B4283D9EBE008F0BFF /* OnboardingContainerViewController.swift */,
				84FA33B6283DAAC6008F0BFF /* Controller.swift */,
			);
			path = "Onboarding ";
			sourceTree = "<group>";
		};
		84FA33BA28404CEB008F0BFF /* Utils */ = {
			isa = PBXGroup;
			children = (
				84FA33BB28404CF7008F0BFF /* LocalState.swift */,
				84BF05C0284826F300E0BC7E /* UIViewController+Utils.swift */,
			);
			path = Utils;
			sourceTree = "<group>";
		};
/* End PBXGroup section */

/* Begin PBXNativeTarget section */
		84A6C5A92829E02E00D9746F /* Bankey */ = {
			isa = PBXNativeTarget;
			buildConfigurationList = 84A6C5BE2829E03200D9746F /* Build configuration list for PBXNativeTarget "Bankey" */;
			buildPhases = (
				84A6C5A62829E02E00D9746F /* Sources */,
				84A6C5A72829E02E00D9746F /* Frameworks */,
				84A6C5A82829E02E00D9746F /* Resources */,
			);
			buildRules = (
			);
			dependencies = (
			);
			name = Bankey;
			productName = Bankey;
			productReference = 84A6C5AA2829E02E00D9746F /* Bankey.app */;
			productType = "com.apple.product-type.application";
		};
/* End PBXNativeTarget section */

/* Begin PBXProject section */
		84A6C5A22829E02E00D9746F /* Project object */ = {
			isa = PBXProject;
			attributes = {
				BuildIndependentTargetsInParallel = 1;
				LastSwiftUpdateCheck = 1330;
				LastUpgradeCheck = 1330;
				TargetAttributes = {
					84A6C5A92829E02E00D9746F = {
						CreatedOnToolsVersion = 13.3;
					};
				};
			};
			buildConfigurationList = 84A6C5A52829E02E00D9746F /* Build configuration list for PBXProject "Bankey" */;
			compatibilityVersion = "Xcode 13.0";
			developmentRegion = en;
			hasScannedForEncodings = 0;
			knownRegions = (
				en,
				Base,
			);
			mainGroup = 84A6C5A12829E02E00D9746F;
			productRefGroup = 84A6C5AB2829E02E00D9746F /* Products */;
			projectDirPath = "";
			projectRoot = "";
			targets = (
				84A6C5A92829E02E00D9746F /* Bankey */,
			);
		};
/* End PBXProject section */

/* Begin PBXResourcesBuildPhase section */
		84A6C5A82829E02E00D9746F /* Resources */ = {
			isa = PBXResourcesBuildPhase;
			buildActionMask = 2147483647;
			files = (
				848CCA3B28595F3D0046E1FC /* AccountSummaryHeaderView.xib in Resources */,
				84A6C5BA2829E03200D9746F /* LaunchScreen.storyboard in Resources */,
				84A6C5B72829E03200D9746F /* Assets.xcassets in Resources */,
			);
			runOnlyForDeploymentPostprocessing = 0;
		};
/* End PBXResourcesBuildPhase section */

/* Begin PBXSourcesBuildPhase section */
		84A6C5A62829E02E00D9746F /* Sources */ = {
			isa = PBXSourcesBuildPhase;
			buildActionMask = 2147483647;
			files = (
				84BF05C1284826F300E0BC7E /* UIViewController+Utils.swift in Sources */,
				84FA33B7283DAAC6008F0BFF /* Controller.swift in Sources */,
				84FA33B9284041C2008F0BFF /* DummyViewController.swift in Sources */,
				84A6C5C52829E50D00D9746F /* LoginView.swift in Sources */,
				84A6C5B22829E02E00D9746F /* LoginViewController.swift in Sources */,
				84A6C5AE2829E02E00D9746F /* AppDelegate.swift in Sources */,
				843C4269285BAE6B0014B778 /* AccountSummaryCell.swift in Sources */,
				84030C69284ADD4D002C3220 /* AccountSummaryViewController.swift in Sources */,
				84BF05C328482B4F00E0BC7E /* MainViewController.swift in Sources */,
				848CCA3928595F170046E1FC /* AccountSummaryHeaderView.swift in Sources */,
				84FA33BC28404CF7008F0BFF /* LocalState.swift in Sources */,
				84FA33B5283D9EBE008F0BFF /* OnboardingContainerViewController.swift in Sources */,
			);
			runOnlyForDeploymentPostprocessing = 0;
		};
/* End PBXSourcesBuildPhase section */

/* Begin PBXVariantGroup section */
		84A6C5B82829E03200D9746F /* LaunchScreen.storyboard */ = {
			isa = PBXVariantGroup;
			children = (
				84A6C5B92829E03200D9746F /* Base */,
			);
			name = LaunchScreen.storyboard;
			sourceTree = "<group>";
		};
/* End PBXVariantGroup section */

/* Begin XCBuildConfiguration section */
		84A6C5BC2829E03200D9746F /* Debug */ = {
			isa = XCBuildConfiguration;
			buildSettings = {
				ALWAYS_SEARCH_USER_PATHS = NO;
				CLANG_ANALYZER_NONNULL = YES;
				CLANG_ANALYZER_NUMBER_OBJECT_CONVERSION = YES_AGGRESSIVE;
				CLANG_CXX_LANGUAGE_STANDARD = "gnu++17";
				CLANG_ENABLE_MODULES = YES;
				CLANG_ENABLE_OBJC_ARC = YES;
				CLANG_ENABLE_OBJC_WEAK = YES;
				CLANG_WARN_BLOCK_CAPTURE_AUTORELEASING = YES;
				CLANG_WARN_BOOL_CONVERSION = YES;
				CLANG_WARN_COMMA = YES;
				CLANG_WARN_CONSTANT_CONVERSION = YES;
				CLANG_WARN_DEPRECATED_OBJC_IMPLEMENTATIONS = YES;
				CLANG_WARN_DIRECT_OBJC_ISA_USAGE = YES_ERROR;
				CLANG_WARN_DOCUMENTATION_COMMENTS = YES;
				CLANG_WARN_EMPTY_BODY = YES;
				CLANG_WARN_ENUM_CONVERSION = YES;
				CLANG_WARN_INFINITE_RECURSION = YES;
				CLANG_WARN_INT_CONVERSION = YES;
				CLANG_WARN_NON_LITERAL_NULL_CONVERSION = YES;
				CLANG_WARN_OBJC_IMPLICIT_RETAIN_SELF = YES;
				CLANG_WARN_OBJC_LITERAL_CONVERSION = YES;
				CLANG_WARN_OBJC_ROOT_CLASS = YES_ERROR;
				CLANG_WARN_QUOTED_INCLUDE_IN_FRAMEWORK_HEADER = YES;
				CLANG_WARN_RANGE_LOOP_ANALYSIS = YES;
				CLANG_WARN_STRICT_PROTOTYPES = YES;
				CLANG_WARN_SUSPICIOUS_MOVE = YES;
				CLANG_WARN_UNGUARDED_AVAILABILITY = YES_AGGRESSIVE;
				CLANG_WARN_UNREACHABLE_CODE = YES;
				CLANG_WARN__DUPLICATE_METHOD_MATCH = YES;
				COPY_PHASE_STRIP = NO;
				DEBUG_INFORMATION_FORMAT = dwarf;
				ENABLE_STRICT_OBJC_MSGSEND = YES;
				ENABLE_TESTABILITY = YES;
				GCC_C_LANGUAGE_STANDARD = gnu11;
				GCC_DYNAMIC_NO_PIC = NO;
				GCC_NO_COMMON_BLOCKS = YES;
				GCC_OPTIMIZATION_LEVEL = 0;
				GCC_PREPROCESSOR_DEFINITIONS = (
					"DEBUG=1",
					"$(inherited)",
				);
				GCC_WARN_64_TO_32_BIT_CONVERSION = YES;
				GCC_WARN_ABOUT_RETURN_TYPE = YES_ERROR;
				GCC_WARN_UNDECLARED_SELECTOR = YES;
				GCC_WARN_UNINITIALIZED_AUTOS = YES_AGGRESSIVE;
				GCC_WARN_UNUSED_FUNCTION = YES;
				GCC_WARN_UNUSED_VARIABLE = YES;
				IPHONEOS_DEPLOYMENT_TARGET = 15.4;
				MTL_ENABLE_DEBUG_INFO = INCLUDE_SOURCE;
				MTL_FAST_MATH = YES;
				ONLY_ACTIVE_ARCH = YES;
				SDKROOT = iphoneos;
				SWIFT_ACTIVE_COMPILATION_CONDITIONS = DEBUG;
				SWIFT_OPTIMIZATION_LEVEL = "-Onone";
			};
			name = Debug;
		};
		84A6C5BD2829E03200D9746F /* Release */ = {
			isa = XCBuildConfiguration;
			buildSettings = {
				ALWAYS_SEARCH_USER_PATHS = NO;
				CLANG_ANALYZER_NONNULL = YES;
				CLANG_ANALYZER_NUMBER_OBJECT_CONVERSION = YES_AGGRESSIVE;
				CLANG_CXX_LANGUAGE_STANDARD = "gnu++17";
				CLANG_ENABLE_MODULES = YES;
				CLANG_ENABLE_OBJC_ARC = YES;
				CLANG_ENABLE_OBJC_WEAK = YES;
				CLANG_WARN_BLOCK_CAPTURE_AUTORELEASING = YES;
				CLANG_WARN_BOOL_CONVERSION = YES;
				CLANG_WARN_COMMA = YES;
				CLANG_WARN_CONSTANT_CONVERSION = YES;
				CLANG_WARN_DEPRECATED_OBJC_IMPLEMENTATIONS = YES;
				CLANG_WARN_DIRECT_OBJC_ISA_USAGE = YES_ERROR;
				CLANG_WARN_DOCUMENTATION_COMMENTS = YES;
				CLANG_WARN_EMPTY_BODY = YES;
				CLANG_WARN_ENUM_CONVERSION = YES;
				CLANG_WARN_INFINITE_RECURSION = YES;
				CLANG_WARN_INT_CONVERSION = YES;
				CLANG_WARN_NON_LITERAL_NULL_CONVERSION = YES;
				CLANG_WARN_OBJC_IMPLICIT_RETAIN_SELF = YES;
				CLANG_WARN_OBJC_LITERAL_CONVERSION = YES;
				CLANG_WARN_OBJC_ROOT_CLASS = YES_ERROR;
				CLANG_WARN_QUOTED_INCLUDE_IN_FRAMEWORK_HEADER = YES;
				CLANG_WARN_RANGE_LOOP_ANALYSIS = YES;
				CLANG_WARN_STRICT_PROTOTYPES = YES;
				CLANG_WARN_SUSPICIOUS_MOVE = YES;
				CLANG_WARN_UNGUARDED_AVAILABILITY = YES_AGGRESSIVE;
				CLANG_WARN_UNREACHABLE_CODE = YES;
				CLANG_WARN__DUPLICATE_METHOD_MATCH = YES;
				COPY_PHASE_STRIP = NO;
				DEBUG_INFORMATION_FORMAT = "dwarf-with-dsym";
				ENABLE_NS_ASSERTIONS = NO;
				ENABLE_STRICT_OBJC_MSGSEND = YES;
				GCC_C_LANGUAGE_STANDARD = gnu11;
				GCC_NO_COMMON_BLOCKS = YES;
				GCC_WARN_64_TO_32_BIT_CONVERSION = YES;
				GCC_WARN_ABOUT_RETURN_TYPE = YES_ERROR;
				GCC_WARN_UNDECLARED_SELECTOR = YES;
				GCC_WARN_UNINITIALIZED_AUTOS = YES_AGGRESSIVE;
				GCC_WARN_UNUSED_FUNCTION = YES;
				GCC_WARN_UNUSED_VARIABLE = YES;
				IPHONEOS_DEPLOYMENT_TARGET = 15.4;
				MTL_ENABLE_DEBUG_INFO = NO;
				MTL_FAST_MATH = YES;
				SDKROOT = iphoneos;
				SWIFT_COMPILATION_MODE = wholemodule;
				SWIFT_OPTIMIZATION_LEVEL = "-O";
				VALIDATE_PRODUCT = YES;
			};
			name = Release;
		};
		84A6C5BF2829E03200D9746F /* Debug */ = {
			isa = XCBuildConfiguration;
			buildSettings = {
				ASSETCATALOG_COMPILER_APPICON_NAME = AppIcon;
				ASSETCATALOG_COMPILER_GLOBAL_ACCENT_COLOR_NAME = AccentColor;
				CODE_SIGN_STYLE = Automatic;
				CURRENT_PROJECT_VERSION = 1;
				GENERATE_INFOPLIST_FILE = YES;
				INFOPLIST_FILE = Bankey/Info.plist;
				INFOPLIST_KEY_UIApplicationSupportsIndirectInputEvents = YES;
				INFOPLIST_KEY_UILaunchStoryboardName = LaunchScreen;
				INFOPLIST_KEY_UISupportedInterfaceOrientations_iPad = "UIInterfaceOrientationPortrait UIInterfaceOrientationPortraitUpsideDown UIInterfaceOrientationLandscapeLeft UIInterfaceOrientationLandscapeRight";
				INFOPLIST_KEY_UISupportedInterfaceOrientations_iPhone = "UIInterfaceOrientationPortrait UIInterfaceOrientationLandscapeLeft UIInterfaceOrientationLandscapeRight";
				LD_RUNPATH_SEARCH_PATHS = (
					"$(inherited)",
					"@executable_path/Frameworks",
				);
				MARKETING_VERSION = 1.0;
				PRODUCT_BUNDLE_IDENTIFIER = karina.Bankey;
				PRODUCT_NAME = "$(TARGET_NAME)";
				SWIFT_EMIT_LOC_STRINGS = YES;
				SWIFT_VERSION = 5.0;
				TARGETED_DEVICE_FAMILY = "1,2";
			};
			name = Debug;
		};
		84A6C5C02829E03200D9746F /* Release */ = {
			isa = XCBuildConfiguration;
			buildSettings = {
				ASSETCATALOG_COMPILER_APPICON_NAME = AppIcon;
				ASSETCATALOG_COMPILER_GLOBAL_ACCENT_COLOR_NAME = AccentColor;
				CODE_SIGN_STYLE = Automatic;
				CURRENT_PROJECT_VERSION = 1;
				GENERATE_INFOPLIST_FILE = YES;
				INFOPLIST_FILE = Bankey/Info.plist;
				INFOPLIST_KEY_UIApplicationSupportsIndirectInputEvents = YES;
				INFOPLIST_KEY_UILaunchStoryboardName = LaunchScreen;
				INFOPLIST_KEY_UISupportedInterfaceOrientations_iPad = "UIInterfaceOrientationPortrait UIInterfaceOrientationPortraitUpsideDown UIInterfaceOrientationLandscapeLeft UIInterfaceOrientationLandscapeRight";
				INFOPLIST_KEY_UISupportedInterfaceOrientations_iPhone = "UIInterfaceOrientationPortrait UIInterfaceOrientationLandscapeLeft UIInterfaceOrientationLandscapeRight";
				LD_RUNPATH_SEARCH_PATHS = (
					"$(inherited)",
					"@executable_path/Frameworks",
				);
				MARKETING_VERSION = 1.0;
				PRODUCT_BUNDLE_IDENTIFIER = karina.Bankey;
				PRODUCT_NAME = "$(TARGET_NAME)";
				SWIFT_EMIT_LOC_STRINGS = YES;
				SWIFT_VERSION = 5.0;
				TARGETED_DEVICE_FAMILY = "1,2";
			};
			name = Release;
		};
/* End XCBuildConfiguration section */

/* Begin XCConfigurationList section */
		84A6C5A52829E02E00D9746F /* Build configuration list for PBXProject "Bankey" */ = {
			isa = XCConfigurationList;
			buildConfigurations = (
				84A6C5BC2829E03200D9746F /* Debug */,
				84A6C5BD2829E03200D9746F /* Release */,
			);
			defaultConfigurationIsVisible = 0;
			defaultConfigurationName = Release;
		};
		84A6C5BE2829E03200D9746F /* Build configuration list for PBXNativeTarget "Bankey" */ = {
			isa = XCConfigurationList;
			buildConfigurations = (
				84A6C5BF2829E03200D9746F /* Debug */,
				84A6C5C02829E03200D9746F /* Release */,
			);
			defaultConfigurationIsVisible = 0;
			defaultConfigurationName = Release;
		};
/* End XCConfigurationList section */
	};
	rootObject = 84A6C5A22829E02E00D9746F /* Project object */;
}
